
Microsoft Visual Studio Solution File, Format Version 12.00
# Visual Studio 15
VisualStudioVersion = 15.0.26124.0
MinimumVisualStudioVersion = 15.0.26124.0
Project("{FAE04EC0-301F-11D3-BF4B-00C04F79EFBC}") = "Domain", "Domain\Domain.csproj", "{250AE74C-6ABD-467D-A4A0-274FD48BE63C}"
EndProject
Project("{FAE04EC0-301F-11D3-BF4B-00C04F79EFBC}") = "Application", "Application\Application.csproj", "{BCB6FDBF-7320-47FC-A9B0-D9499EED3BB9}"
EndProject
Project("{FAE04EC0-301F-11D3-BF4B-00C04F79EFBC}") = "Persistence", "Persistence\Persistence.csproj", "{AD226120-1B0B-4594-B86C-9217CF3AED30}"
EndProject
Project("{FAE04EC0-301F-11D3-BF4B-00C04F79EFBC}") = "API", "API\API.csproj", "{75E71C69-3A8B-4292-9477-7CC422D15441}"
EndProject
Global
	GlobalSection(SolutionConfigurationPlatforms) = preSolution
		Debug|Any CPU = Debug|Any CPU
		Debug|x64 = Debug|x64
		Debug|x86 = Debug|x86
		Release|Any CPU = Release|Any CPU
		Release|x64 = Release|x64
		Release|x86 = Release|x86
	EndGlobalSection
	GlobalSection(SolutionProperties) = preSolution
		HideSolutionNode = FALSE
	EndGlobalSection
	GlobalSection(ProjectConfigurationPlatforms) = postSolution
		{250AE74C-6ABD-467D-A4A0-274FD48BE63C}.Debug|Any CPU.ActiveCfg = Debug|Any CPU
		{250AE74C-6ABD-467D-A4A0-274FD48BE63C}.Debug|Any CPU.Build.0 = Debug|Any CPU
		{250AE74C-6ABD-467D-A4A0-274FD48BE63C}.Debug|x64.ActiveCfg = Debug|Any CPU
		{250AE74C-6ABD-467D-A4A0-274FD48BE63C}.Debug|x64.Build.0 = Debug|Any CPU
		{250AE74C-6ABD-467D-A4A0-274FD48BE63C}.Debug|x86.ActiveCfg = Debug|Any CPU
		{250AE74C-6ABD-467D-A4A0-274FD48BE63C}.Debug|x86.Build.0 = Debug|Any CPU
		{250AE74C-6ABD-467D-A4A0-274FD48BE63C}.Release|Any CPU.ActiveCfg = Release|Any CPU
		{250AE74C-6ABD-467D-A4A0-274FD48BE63C}.Release|Any CPU.Build.0 = Release|Any CPU
		{250AE74C-6ABD-467D-A4A0-274FD48BE63C}.Release|x64.ActiveCfg = Release|Any CPU
		{250AE74C-6ABD-467D-A4A0-274FD48BE63C}.Release|x64.Build.0 = Release|Any CPU
		{250AE74C-6ABD-467D-A4A0-274FD48BE63C}.Release|x86.ActiveCfg = Release|Any CPU
		{250AE74C-6ABD-467D-A4A0-274FD48BE63C}.Release|x86.Build.0 = Release|Any CPU
		{BCB6FDBF-7320-47FC-A9B0-D9499EED3BB9}.Debug|Any CPU.ActiveCfg = Debug|Any CPU
		{BCB6FDBF-7320-47FC-A9B0-D9499EED3BB9}.Debug|Any CPU.Build.0 = Debug|Any CPU
		{BCB6FDBF-7320-47FC-A9B0-D9499EED3BB9}.Debug|x64.ActiveCfg = Debug|Any CPU
		{BCB6FDBF-7320-47FC-A9B0-D9499EED3BB9}.Debug|x64.Build.0 = Debug|Any CPU
		{BCB6FDBF-7320-47FC-A9B0-D9499EED3BB9}.Debug|x86.ActiveCfg = Debug|Any CPU
		{BCB6FDBF-7320-47FC-A9B0-D9499EED3BB9}.Debug|x86.Build.0 = Debug|Any CPU
		{BCB6FDBF-7320-47FC-A9B0-D9499EED3BB9}.Release|Any CPU.ActiveCfg = Release|Any CPU
		{BCB6FDBF-7320-47FC-A9B0-D9499EED3BB9}.Release|Any CPU.Build.0 = Release|Any CPU
		{BCB6FDBF-7320-47FC-A9B0-D9499EED3BB9}.Release|x64.ActiveCfg = Release|Any CPU
		{BCB6FDBF-7320-47FC-A9B0-D9499EED3BB9}.Release|x64.Build.0 = Release|Any CPU
		{BCB6FDBF-7320-47FC-A9B0-D9499EED3BB9}.Release|x86.ActiveCfg = Release|Any CPU
		{BCB6FDBF-7320-47FC-A9B0-D9499EED3BB9}.Release|x86.Build.0 = Release|Any CPU
		{AD226120-1B0B-4594-B86C-9217CF3AED30}.Debug|Any CPU.ActiveCfg = Debug|Any CPU
		{AD226120-1B0B-4594-B86C-9217CF3AED30}.Debug|Any CPU.Build.0 = Debug|Any CPU
		{AD226120-1B0B-4594-B86C-9217CF3AED30}.Debug|x64.ActiveCfg = Debug|Any CPU
		{AD226120-1B0B-4594-B86C-9217CF3AED30}.Debug|x64.Build.0 = Debug|Any CPU
		{AD226120-1B0B-4594-B86C-9217CF3AED30}.Debug|x86.ActiveCfg = Debug|Any CPU
		{AD226120-1B0B-4594-B86C-9217CF3AED30}.Debug|x86.Build.0 = Debug|Any CPU
		{AD226120-1B0B-4594-B86C-9217CF3AED30}.Release|Any CPU.ActiveCfg = Release|Any CPU
		{AD226120-1B0B-4594-B86C-9217CF3AED30}.Release|Any CPU.Build.0 = Release|Any CPU
		{AD226120-1B0B-4594-B86C-9217CF3AED30}.Release|x64.ActiveCfg = Release|Any CPU
		{AD226120-1B0B-4594-B86C-9217CF3AED30}.Release|x64.Build.0 = Release|Any CPU
		{AD226120-1B0B-4594-B86C-9217CF3AED30}.Release|x86.ActiveCfg = Release|Any CPU
		{AD226120-1B0B-4594-B86C-9217CF3AED30}.Release|x86.Build.0 = Release|Any CPU
		{75E71C69-3A8B-4292-9477-7CC422D15441}.Debug|Any CPU.ActiveCfg = Debug|Any CPU
		{75E71C69-3A8B-4292-9477-7CC422D15441}.Debug|Any CPU.Build.0 = Debug|Any CPU
		{75E71C69-3A8B-4292-9477-7CC422D15441}.Debug|x64.ActiveCfg = Debug|Any CPU
		{75E71C69-3A8B-4292-9477-7CC422D15441}.Debug|x64.Build.0 = Debug|Any CPU
		{75E71C69-3A8B-4292-9477-7CC422D15441}.Debug|x86.ActiveCfg = Debug|Any CPU
		{75E71C69-3A8B-4292-9477-7CC422D15441}.Debug|x86.Build.0 = Debug|Any CPU
		{75E71C69-3A8B-4292-9477-7CC422D15441}.Release|Any CPU.ActiveCfg = Release|Any CPU
		{75E71C69-3A8B-4292-9477-7CC422D15441}.Release|Any CPU.Build.0 = Release|Any CPU
		{75E71C69-3A8B-4292-9477-7CC422D15441}.Release|x64.ActiveCfg = Release|Any CPU
		{75E71C69-3A8B-4292-9477-7CC422D15441}.Release|x64.Build.0 = Release|Any CPU
		{75E71C69-3A8B-4292-9477-7CC422D15441}.Release|x86.ActiveCfg = Release|Any CPU
		{75E71C69-3A8B-4292-9477-7CC422D15441}.Release|x86.Build.0 = Release|Any CPU
	EndGlobalSection
EndGlobal
